
Microsoft Visual Studio Solution File, Format Version 12.00
# Visual Studio Version 16
VisualStudioVersion = 16.0.30204.135
MinimumVisualStudioVersion = 10.0.40219.1
Project("{FAE04EC0-301F-11D3-BF4B-00C04F79EFBC}") = "poletrenink", "poletrenink\poletrenink.csproj", "{A24F113E-66F0-4D86-8165-F92466149D30}"
EndProject
Global
	GlobalSection(SolutionConfigurationPlatforms) = preSolution
		Debug|Any CPU = Debug|Any CPU
		Release|Any CPU = Release|Any CPU
	EndGlobalSection
	GlobalSection(ProjectConfigurationPlatforms) = postSolution
		{A24F113E-66F0-4D86-8165-F92466149D30}.Debug|Any CPU.ActiveCfg = Debug|Any CPU
		{A24F113E-66F0-4D86-8165-F92466149D30}.Debug|Any CPU.Build.0 = Debug|Any CPU
		{A24F113E-66F0-4D86-8165-F92466149D30}.Release|Any CPU.ActiveCfg = Release|Any CPU
		{A24F113E-66F0-4D86-8165-F92466149D30}.Release|Any CPU.Build.0 = Release|Any CPU
	EndGlobalSection
	GlobalSection(SolutionProperties) = preSolution
		HideSolutionNode = FALSE
	EndGlobalSection
	GlobalSection(ExtensibilityGlobals) = postSolution
		SolutionGuid = {BAF88AAC-3C8F-4932-AFD9-74BE39D61455}
	EndGlobalSection
EndGlobal
